{
    "version": 3,
    "terraform_version": "0.11.13",
    "serial": 11,
    "lineage": "82dcaf42-df35-aaca-31c7-6f273e00d2dc",
    "modules": [
        {
            "path": [
                "root"
            ],
            "outputs": {},
            "resources": {
                "aws_internet_gateway.gw": {
                    "type": "aws_internet_gateway",
                    "depends_on": [
                        "aws_vpc.main"
                    ],
                    "primary": {
                        "id": "igw-0f98ebbcc6e497a80",
                        "attributes": {
                            "arn": "arn:aws:ec2:us-east-1:473238773600:internet-gateway/igw-0f98ebbcc6e497a80",
                            "id": "igw-0f98ebbcc6e497a80",
                            "owner_id": "473238773600",
                            "tags.%": "0",
                            "vpc_id": "vpc-087940f3738e294c7"
                        },
                        "meta": {},
                        "tainted": false
                    },
                    "deposed": [],
                    "provider": "provider.aws"
                },
                "aws_route_table.r": {
                    "type": "aws_route_table",
                    "depends_on": [
                        "aws_internet_gateway.gw",
                        "aws_vpc.main"
                    ],
                    "primary": {
                        "id": "rtb-0ce5beb4244dfe062",
                        "attributes": {
                            "id": "rtb-0ce5beb4244dfe062",
                            "owner_id": "473238773600",
                            "propagating_vgws.#": "0",
                            "route.#": "1",
                            "route.4288611742.cidr_block": "0.0.0.0/0",
                            "route.4288611742.egress_only_gateway_id": "",
                            "route.4288611742.gateway_id": "igw-0f98ebbcc6e497a80",
                            "route.4288611742.instance_id": "",
                            "route.4288611742.ipv6_cidr_block": "",
                            "route.4288611742.nat_gateway_id": "",
                            "route.4288611742.network_interface_id": "",
                            "route.4288611742.transit_gateway_id": "",
                            "route.4288611742.vpc_peering_connection_id": "",
                            "tags.%": "0",
                            "vpc_id": "vpc-087940f3738e294c7"
                        },
                        "meta": {},
                        "tainted": false
                    },
                    "deposed": [],
                    "provider": "provider.aws"
                },
                "aws_route_table_association.a": {
                    "type": "aws_route_table_association",
                    "depends_on": [
                        "aws_route_table.r",
                        "aws_subnet.subnet101"
                    ],
                    "primary": {
                        "id": "rtbassoc-09c4104b820334665",
                        "attributes": {
                            "id": "rtbassoc-09c4104b820334665",
                            "route_table_id": "rtb-0ce5beb4244dfe062",
                            "subnet_id": "subnet-0cafa72ce5111f61a"
                        },
                        "meta": {},
                        "tainted": false
                    },
                    "deposed": [],
                    "provider": "provider.aws"
                },
                "aws_route_table_association.b": {
                    "type": "aws_route_table_association",
                    "depends_on": [
                        "aws_route_table.r",
                        "aws_subnet.subnet102"
                    ],
                    "primary": {
                        "id": "rtbassoc-00655dd4b0f518085",
                        "attributes": {
                            "id": "rtbassoc-00655dd4b0f518085",
                            "route_table_id": "rtb-0ce5beb4244dfe062",
                            "subnet_id": "subnet-0184a25c720d3605d"
                        },
                        "meta": {},
                        "tainted": false
                    },
                    "deposed": [],
                    "provider": "provider.aws"
                },
                "aws_route_table_association.c": {
                    "type": "aws_route_table_association",
                    "depends_on": [
                        "aws_route_table.r",
                        "aws_subnet.subnet103"
                    ],
                    "primary": {
                        "id": "rtbassoc-0b8523d77b77a6668",
                        "attributes": {
                            "id": "rtbassoc-0b8523d77b77a6668",
                            "route_table_id": "rtb-0ce5beb4244dfe062",
                            "subnet_id": "subnet-0a36d3a4c8803fbdf"
                        },
                        "meta": {},
                        "tainted": false
                    },
                    "deposed": [],
                    "provider": "provider.aws"
                },
                "aws_security_group.vpc_task": {
                    "type": "aws_security_group",
                    "depends_on": [],
                    "primary": {
                        "id": "sg-03c9a30035e4f76fb",
                        "attributes": {
                            "arn": "arn:aws:ec2:us-east-1:473238773600:security-group/sg-03c9a30035e4f76fb",
                            "description": "Allow TLS inbound traffic",
                            "egress.#": "1",
                            "egress.482069346.cidr_blocks.#": "1",
                            "egress.482069346.cidr_blocks.0": "0.0.0.0/0",
                            "egress.482069346.description": "",
                            "egress.482069346.from_port": "0",
                            "egress.482069346.ipv6_cidr_blocks.#": "0",
                            "egress.482069346.prefix_list_ids.#": "0",
                            "egress.482069346.protocol": "-1",
                            "egress.482069346.security_groups.#": "0",
                            "egress.482069346.self": "false",
                            "egress.482069346.to_port": "0",
                            "id": "sg-03c9a30035e4f76fb",
                            "ingress.#": "1",
                            "ingress.1200322588.cidr_blocks.#": "1",
                            "ingress.1200322588.cidr_blocks.0": "0.0.0.0/0",
                            "ingress.1200322588.description": "Allow ssh",
                            "ingress.1200322588.from_port": "22",
                            "ingress.1200322588.ipv6_cidr_blocks.#": "0",
                            "ingress.1200322588.prefix_list_ids.#": "0",
                            "ingress.1200322588.protocol": "tcp",
                            "ingress.1200322588.security_groups.#": "0",
                            "ingress.1200322588.self": "false",
                            "ingress.1200322588.to_port": "22",
                            "name": "vpc_task",
                            "owner_id": "473238773600",
                            "revoke_rules_on_delete": "false",
                            "tags.%": "0",
                            "vpc_id": "vpc-1f0cf462"
                        },
                        "meta": {
                            "e2bfb730-ecaa-11e6-8f88-34363bc7c4c0": {
                                "create": 600000000000,
                                "delete": 600000000000
                            },
                            "schema_version": "1"
                        },
                        "tainted": false
                    },
                    "deposed": [],
                    "provider": "provider.aws"
                },
                "aws_subnet.subnet1": {
                    "type": "aws_subnet",
                    "depends_on": [
                        "aws_vpc.main"
                    ],
                    "primary": {
                        "id": "subnet-010c58328b46f8219",
                        "attributes": {
                            "arn": "arn:aws:ec2:us-east-1:473238773600:subnet/subnet-010c58328b46f8219",
                            "assign_ipv6_address_on_creation": "false",
                            "availability_zone": "us-east-1f",
                            "availability_zone_id": "use1-az5",
                            "cidr_block": "10.0.1.0/24",
                            "id": "subnet-010c58328b46f8219",
                            "ipv6_cidr_block": "",
                            "ipv6_cidr_block_association_id": "",
                            "map_public_ip_on_launch": "false",
                            "outpost_arn": "",
                            "owner_id": "473238773600",
                            "tags.%": "0",
                            "vpc_id": "vpc-087940f3738e294c7"
                        },
                        "meta": {
                            "e2bfb730-ecaa-11e6-8f88-34363bc7c4c0": {
                                "create": 600000000000,
                                "delete": 1200000000000
                            },
                            "schema_version": "1"
                        },
                        "tainted": false
                    },
                    "deposed": [],
                    "provider": "provider.aws"
                },
                "aws_subnet.subnet101": {
                    "type": "aws_subnet",
                    "depends_on": [
                        "aws_vpc.main"
                    ],
                    "primary": {
                        "id": "subnet-0cafa72ce5111f61a",
                        "attributes": {
                            "arn": "arn:aws:ec2:us-east-1:473238773600:subnet/subnet-0cafa72ce5111f61a",
                            "assign_ipv6_address_on_creation": "false",
                            "availability_zone": "us-east-1c",
                            "availability_zone_id": "use1-az4",
                            "cidr_block": "10.0.101.0/24",
                            "id": "subnet-0cafa72ce5111f61a",
                            "ipv6_cidr_block": "",
                            "ipv6_cidr_block_association_id": "",
                            "map_public_ip_on_launch": "true",
                            "outpost_arn": "",
                            "owner_id": "473238773600",
                            "tags.%": "0",
                            "vpc_id": "vpc-087940f3738e294c7"
                        },
                        "meta": {
                            "e2bfb730-ecaa-11e6-8f88-34363bc7c4c0": {
                                "create": 600000000000,
                                "delete": 1200000000000
                            },
                            "schema_version": "1"
                        },
                        "tainted": false
                    },
                    "deposed": [],
                    "provider": "provider.aws"
                },
                "aws_subnet.subnet102": {
                    "type": "aws_subnet",
                    "depends_on": [
                        "aws_vpc.main"
                    ],
                    "primary": {
                        "id": "subnet-0184a25c720d3605d",
                        "attributes": {
                            "arn": "arn:aws:ec2:us-east-1:473238773600:subnet/subnet-0184a25c720d3605d",
                            "assign_ipv6_address_on_creation": "false",
                            "availability_zone": "us-east-1d",
                            "availability_zone_id": "use1-az6",
                            "cidr_block": "10.0.102.0/24",
                            "id": "subnet-0184a25c720d3605d",
                            "ipv6_cidr_block": "",
                            "ipv6_cidr_block_association_id": "",
                            "map_public_ip_on_launch": "true",
                            "outpost_arn": "",
                            "owner_id": "473238773600",
                            "tags.%": "0",
                            "vpc_id": "vpc-087940f3738e294c7"
                        },
                        "meta": {
                            "e2bfb730-ecaa-11e6-8f88-34363bc7c4c0": {
                                "create": 600000000000,
                                "delete": 1200000000000
                            },
                            "schema_version": "1"
                        },
                        "tainted": false
                    },
                    "deposed": [],
                    "provider": "provider.aws"
                },
                "aws_subnet.subnet103": {
                    "type": "aws_subnet",
                    "depends_on": [
                        "aws_vpc.main"
                    ],
                    "primary": {
                        "id": "subnet-0a36d3a4c8803fbdf",
                        "attributes": {
                            "arn": "arn:aws:ec2:us-east-1:473238773600:subnet/subnet-0a36d3a4c8803fbdf",
                            "assign_ipv6_address_on_creation": "false",
                            "availability_zone": "us-east-1a",
                            "availability_zone_id": "use1-az1",
                            "cidr_block": "10.0.103.0/24",
                            "id": "subnet-0a36d3a4c8803fbdf",
                            "ipv6_cidr_block": "",
                            "ipv6_cidr_block_association_id": "",
                            "map_public_ip_on_launch": "true",
                            "outpost_arn": "",
                            "owner_id": "473238773600",
                            "tags.%": "0",
                            "vpc_id": "vpc-087940f3738e294c7"
                        },
                        "meta": {
                            "e2bfb730-ecaa-11e6-8f88-34363bc7c4c0": {
                                "create": 600000000000,
                                "delete": 1200000000000
                            },
                            "schema_version": "1"
                        },
                        "tainted": false
                    },
                    "deposed": [],
                    "provider": "provider.aws"
                },
                "aws_subnet.subnet2": {
                    "type": "aws_subnet",
                    "depends_on": [
                        "aws_vpc.main"
                    ],
                    "primary": {
                        "id": "subnet-035afcc492a3bda52",
                        "attributes": {
                            "arn": "arn:aws:ec2:us-east-1:473238773600:subnet/subnet-035afcc492a3bda52",
                            "assign_ipv6_address_on_creation": "false",
                            "availability_zone": "us-east-1c",
                            "availability_zone_id": "use1-az4",
                            "cidr_block": "10.0.2.0/24",
                            "id": "subnet-035afcc492a3bda52",
                            "ipv6_cidr_block": "",
                            "ipv6_cidr_block_association_id": "",
                            "map_public_ip_on_launch": "false",
                            "outpost_arn": "",
                            "owner_id": "473238773600",
                            "tags.%": "0",
                            "vpc_id": "vpc-087940f3738e294c7"
                        },
                        "meta": {
                            "e2bfb730-ecaa-11e6-8f88-34363bc7c4c0": {
                                "create": 600000000000,
                                "delete": 1200000000000
                            },
                            "schema_version": "1"
                        },
                        "tainted": false
                    },
                    "deposed": [],
                    "provider": "provider.aws"
                },
                "aws_subnet.subnet3": {
                    "type": "aws_subnet",
                    "depends_on": [
                        "aws_vpc.main"
                    ],
                    "primary": {
                        "id": "subnet-0d1c7e4ffcb456767",
                        "attributes": {
                            "arn": "arn:aws:ec2:us-east-1:473238773600:subnet/subnet-0d1c7e4ffcb456767",
                            "assign_ipv6_address_on_creation": "false",
                            "availability_zone": "us-east-1c",
                            "availability_zone_id": "use1-az4",
                            "cidr_block": "10.0.3.0/24",
                            "id": "subnet-0d1c7e4ffcb456767",
                            "ipv6_cidr_block": "",
                            "ipv6_cidr_block_association_id": "",
                            "map_public_ip_on_launch": "false",
                            "outpost_arn": "",
                            "owner_id": "473238773600",
                            "tags.%": "0",
                            "vpc_id": "vpc-087940f3738e294c7"
                        },
                        "meta": {
                            "e2bfb730-ecaa-11e6-8f88-34363bc7c4c0": {
                                "create": 600000000000,
                                "delete": 1200000000000
                            },
                            "schema_version": "1"
                        },
                        "tainted": false
                    },
                    "deposed": [],
                    "provider": "provider.aws"
                },
                "aws_vpc.main": {
                    "type": "aws_vpc",
                    "depends_on": [],
                    "primary": {
                        "id": "vpc-087940f3738e294c7",
                        "attributes": {
                            "arn": "arn:aws:ec2:us-east-1:473238773600:vpc/vpc-087940f3738e294c7",
                            "assign_generated_ipv6_cidr_block": "false",
                            "cidr_block": "10.0.0.0/16",
                            "default_network_acl_id": "acl-084d593294d1468fc",
                            "default_route_table_id": "rtb-0b9a42e89e4e97990",
                            "default_security_group_id": "sg-06b93f528b7aab057",
                            "dhcp_options_id": "dopt-0ab0d570",
                            "enable_classiclink": "false",
                            "enable_classiclink_dns_support": "false",
                            "enable_dns_hostnames": "false",
                            "enable_dns_support": "true",
                            "id": "vpc-087940f3738e294c7",
                            "instance_tenancy": "default",
                            "ipv6_association_id": "",
                            "ipv6_cidr_block": "",
                            "main_route_table_id": "rtb-0b9a42e89e4e97990",
                            "owner_id": "473238773600",
                            "tags.%": "0"
                        },
                        "meta": {
                            "schema_version": "1"
                        },
                        "tainted": false
                    },
                    "deposed": [],
                    "provider": "provider.aws"
                }
            },
            "depends_on": []
        }
    ]
}
